{
  "pins" : [
    {
      "identity" : "swifteagleply",
      "kind" : "remoteSourceControl",
      "location" : "https://github.com/tatsuya-ogawa/SwiftEaglePly.git",
      "state" : {
        "branch" : "main",
        "revision" : "ef8240e3b290542067ad92229551fe1cbeda5349"
      }
    },
    {
      "identity" : "swiftstanfordbunny",
      "kind" : "remoteSourceControl",
      "location" : "https://github.com/tatsuya-ogawa/SwiftStanfordBunny.git",
      "state" : {
        "branch" : "main",
        "revision" : "4ee0a4c5a942ec995da2c3065575532ad15a56df"
      }
    }
  ],
  "version" : 2
}
